
Microsoft Visual Studio Solution File, Format Version 12.00
# Visual Studio Version 17
VisualStudioVersion = 17.14.36908.2
MinimumVisualStudioVersion = 10.0.40219.1
Project("{FAE04EC0-301F-11D3-BF4B-00C04F79EFBC}") = "Catsy", "Catsy\Catsy.csproj", "{EB7502F4-54E3-4D24-8610-CC28489F8DAE}"
EndProject
Global
	GlobalSection(SolutionConfigurationPlatforms) = preSolution
		Debug|Any CPU = Debug|Any CPU
		Release|Any CPU = Release|Any CPU
	EndGlobalSection
	GlobalSection(ProjectConfigurationPlatforms) = postSolution
		{EB7502F4-54E3-4D24-8610-CC28489F8DAE}.Debug|Any CPU.ActiveCfg = Debug|Any CPU
		{EB7502F4-54E3-4D24-8610-CC28489F8DAE}.Debug|Any CPU.Build.0 = Debug|Any CPU
		{EB7502F4-54E3-4D24-8610-CC28489F8DAE}.Release|Any CPU.ActiveCfg = Release|Any CPU
		{EB7502F4-54E3-4D24-8610-CC28489F8DAE}.Release|Any CPU.Build.0 = Release|Any CPU
	EndGlobalSection
	GlobalSection(SolutionProperties) = preSolution
		HideSolutionNode = FALSE
	EndGlobalSection
	GlobalSection(ExtensibilityGlobals) = postSolution
		SolutionGuid = {37B85D3E-1721-4EA3-9C9B-3444E044F606}
	EndGlobalSection
EndGlobal
